
Microsoft Visual Studio Solution File, Format Version 12.00
# Visual Studio 15
VisualStudioVersion = 15.0.27428.2027
MinimumVisualStudioVersion = 10.0.40219.1
Project("{FAE04EC0-301F-11D3-BF4B-00C04F79EFBC}") = "ProcessMonitorApp", "ProcessMonitorApp\ProcessMonitorApp.csproj", "{99ED93D6-737C-4383-AEB5-5D05A3AF8DF0}"
EndProject
Global
	GlobalSection(SolutionConfigurationPlatforms) = preSolution
		Debug|Any CPU = Debug|Any CPU
		Release|Any CPU = Release|Any CPU
	EndGlobalSection
	GlobalSection(ProjectConfigurationPlatforms) = postSolution
		{99ED93D6-737C-4383-AEB5-5D05A3AF8DF0}.Debug|Any CPU.ActiveCfg = Debug|Any CPU
		{99ED93D6-737C-4383-AEB5-5D05A3AF8DF0}.Debug|Any CPU.Build.0 = Debug|Any CPU
		{99ED93D6-737C-4383-AEB5-5D05A3AF8DF0}.Release|Any CPU.ActiveCfg = Release|Any CPU
		{99ED93D6-737C-4383-AEB5-5D05A3AF8DF0}.Release|Any CPU.Build.0 = Release|Any CPU
	EndGlobalSection
	GlobalSection(SolutionProperties) = preSolution
		HideSolutionNode = FALSE
	EndGlobalSection
	GlobalSection(ExtensibilityGlobals) = postSolution
		SolutionGuid = {F2F7C589-4E66-4AB1-BAE2-0D955E188785}
	EndGlobalSection
EndGlobal
